// !$*UTF8*$!
{
	archiveVersion = 1;
	classes = {
	};
	objectVersion = 50;
	objects = {

/* Begin PBXBuildFile section */
		4F30B5312159D24D00BD1AB4 /* IllustDetailViewController.swift in Sources */ = {isa = PBXBuildFile; fileRef = 4F30B5302159D24D00BD1AB4 /* IllustDetailViewController.swift */; };
		4F30B535215C81F200BD1AB4 /* StringExtension.swift in Sources */ = {isa = PBXBuildFile; fileRef = 4F30B534215C81F200BD1AB4 /* StringExtension.swift */; };
		4F30D9E42154953E00DD2A96 /* AppDelegate.swift in Sources */ = {isa = PBXBuildFile; fileRef = 4F30D9E32154953E00DD2A96 /* AppDelegate.swift */; };
		4F30D9E92154953E00DD2A96 /* Main.storyboard in Resources */ = {isa = PBXBuildFile; fileRef = 4F30D9E72154953E00DD2A96 /* Main.storyboard */; };
		4F30D9EB2154953F00DD2A96 /* Assets.xcassets in Resources */ = {isa = PBXBuildFile; fileRef = 4F30D9EA2154953F00DD2A96 /* Assets.xcassets */; };
		4F30D9EE2154953F00DD2A96 /* LaunchScreen.storyboard in Resources */ = {isa = PBXBuildFile; fileRef = 4F30D9EC2154953F00DD2A96 /* LaunchScreen.storyboard */; };
		4F30D9F62154C40200DD2A96 /* UsersData.swift in Sources */ = {isa = PBXBuildFile; fileRef = 4F30D9F52154C40200DD2A96 /* UsersData.swift */; };
		4F30D9F82154D22500DD2A96 /* IllustData.swift in Sources */ = {isa = PBXBuildFile; fileRef = 4F30D9F72154D22500DD2A96 /* IllustData.swift */; };
		4F30D9FA2154D63500DD2A96 /* SearchUserTableViewController.swift in Sources */ = {isa = PBXBuildFile; fileRef = 4F30D9F92154D63500DD2A96 /* SearchUserTableViewController.swift */; };
		4F30D9FC2154D6BC00DD2A96 /* UserTableViewCell.swift in Sources */ = {isa = PBXBuildFile; fileRef = 4F30D9FB2154D6BC00DD2A96 /* UserTableViewCell.swift */; };
		4F30D9FE2154DD3B00DD2A96 /* SearchUserTableViewModel.swift in Sources */ = {isa = PBXBuildFile; fileRef = 4F30D9FD2154DD3B00DD2A96 /* SearchUserTableViewModel.swift */; };
		4F30DA002154E32600DD2A96 /* UrlExtension.swift in Sources */ = {isa = PBXBuildFile; fileRef = 4F30D9FF2154E32600DD2A96 /* UrlExtension.swift */; };
		4FBEC3D62158CAAF0057BF91 /* IllustCollectionViewController.swift in Sources */ = {isa = PBXBuildFile; fileRef = 4FBEC3D52158CAAF0057BF91 /* IllustCollectionViewController.swift */; };
		4FBEC3D82158CC0E0057BF91 /* IllustCollectionViewCell.swift in Sources */ = {isa = PBXBuildFile; fileRef = 4FBEC3D72158CC0E0057BF91 /* IllustCollectionViewCell.swift */; };
		4FBEC3DA2158D6B40057BF91 /* IllustCollectionViewModel.swift in Sources */ = {isa = PBXBuildFile; fileRef = 4FBEC3D92158D6B40057BF91 /* IllustCollectionViewModel.swift */; };
		DAA990B1AA9BE35A4EE61827 /* Pods_RetweetedIllustViewer.framework in Frameworks */ = {isa = PBXBuildFile; fileRef = 34A53E78F4D7098561E56195 /* Pods_RetweetedIllustViewer.framework */; };
/* End PBXBuildFile section */

/* Begin PBXFileReference section */
		34A53E78F4D7098561E56195 /* Pods_RetweetedIllustViewer.framework */ = {isa = PBXFileReference; explicitFileType = wrapper.framework; includeInIndex = 0; path = Pods_RetweetedIllustViewer.framework; sourceTree = BUILT_PRODUCTS_DIR; };
		4F30B5302159D24D00BD1AB4 /* IllustDetailViewController.swift */ = {isa = PBXFileReference; lastKnownFileType = sourcecode.swift; path = IllustDetailViewController.swift; sourceTree = "<group>"; };
		4F30B534215C81F200BD1AB4 /* StringExtension.swift */ = {isa = PBXFileReference; lastKnownFileType = sourcecode.swift; path = StringExtension.swift; sourceTree = "<group>"; };
		4F30D9E02154953E00DD2A96 /* RetweetedIllustViewer.app */ = {isa = PBXFileReference; explicitFileType = wrapper.application; includeInIndex = 0; path = RetweetedIllustViewer.app; sourceTree = BUILT_PRODUCTS_DIR; };
		4F30D9E32154953E00DD2A96 /* AppDelegate.swift */ = {isa = PBXFileReference; lastKnownFileType = sourcecode.swift; path = AppDelegate.swift; sourceTree = "<group>"; };
		4F30D9E82154953E00DD2A96 /* Base */ = {isa = PBXFileReference; lastKnownFileType = file.storyboard; name = Base; path = Base.lproj/Main.storyboard; sourceTree = "<group>"; };
		4F30D9EA2154953F00DD2A96 /* Assets.xcassets */ = {isa = PBXFileReference; lastKnownFileType = folder.assetcatalog; path = Assets.xcassets; sourceTree = "<group>"; };
		4F30D9ED2154953F00DD2A96 /* Base */ = {isa = PBXFileReference; lastKnownFileType = file.storyboard; name = Base; path = Base.lproj/LaunchScreen.storyboard; sourceTree = "<group>"; };
		4F30D9EF2154953F00DD2A96 /* Info.plist */ = {isa = PBXFileReference; lastKnownFileType = text.plist.xml; path = Info.plist; sourceTree = "<group>"; };
		4F30D9F52154C40200DD2A96 /* UsersData.swift */ = {isa = PBXFileReference; lastKnownFileType = sourcecode.swift; path = UsersData.swift; sourceTree = "<group>"; };
		4F30D9F72154D22500DD2A96 /* IllustData.swift */ = {isa = PBXFileReference; lastKnownFileType = sourcecode.swift; path = IllustData.swift; sourceTree = "<group>"; };
		4F30D9F92154D63500DD2A96 /* SearchUserTableViewController.swift */ = {isa = PBXFileReference; lastKnownFileType = sourcecode.swift; path = SearchUserTableViewController.swift; sourceTree = "<group>"; };
		4F30D9FB2154D6BC00DD2A96 /* UserTableViewCell.swift */ = {isa = PBXFileReference; lastKnownFileType = sourcecode.swift; path = UserTableViewCell.swift; sourceTree = "<group>"; };
		4F30D9FD2154DD3B00DD2A96 /* SearchUserTableViewModel.swift */ = {isa = PBXFileReference; lastKnownFileType = sourcecode.swift; path = SearchUserTableViewModel.swift; sourceTree = "<group>"; };
		4F30D9FF2154E32600DD2A96 /* UrlExtension.swift */ = {isa = PBXFileReference; lastKnownFileType = sourcecode.swift; path = UrlExtension.swift; sourceTree = "<group>"; };
		4F30DA032157208300DD2A96 /* ja */ = {isa = PBXFileReference; lastKnownFileType = text.plist.strings; name = ja; path = ja.lproj/Main.strings; sourceTree = "<group>"; };
		4F30DA042157208300DD2A96 /* ja */ = {isa = PBXFileReference; lastKnownFileType = text.plist.strings; name = ja; path = ja.lproj/LaunchScreen.strings; sourceTree = "<group>"; };
		4FBEC3D52158CAAF0057BF91 /* IllustCollectionViewController.swift */ = {isa = PBXFileReference; lastKnownFileType = sourcecode.swift; path = IllustCollectionViewController.swift; sourceTree = "<group>"; };
		4FBEC3D72158CC0E0057BF91 /* IllustCollectionViewCell.swift */ = {isa = PBXFileReference; lastKnownFileType = sourcecode.swift; path = IllustCollectionViewCell.swift; sourceTree = "<group>"; };
		4FBEC3D92158D6B40057BF91 /* IllustCollectionViewModel.swift */ = {isa = PBXFileReference; lastKnownFileType = sourcecode.swift; path = IllustCollectionViewModel.swift; sourceTree = "<group>"; };
		A60FFB0A46684F234A5246BF /* Pods-RetweetedIllustViewer.debug.xcconfig */ = {isa = PBXFileReference; includeInIndex = 1; lastKnownFileType = text.xcconfig; name = "Pods-RetweetedIllustViewer.debug.xcconfig"; path = "Target Support Files/Pods-RetweetedIllustViewer/Pods-RetweetedIllustViewer.debug.xcconfig"; sourceTree = "<group>"; };
		E60E2E30AF8C749C234760E3 /* Pods-RetweetedIllustViewer.release.xcconfig */ = {isa = PBXFileReference; includeInIndex = 1; lastKnownFileType = text.xcconfig; name = "Pods-RetweetedIllustViewer.release.xcconfig"; path = "Target Support Files/Pods-RetweetedIllustViewer/Pods-RetweetedIllustViewer.release.xcconfig"; sourceTree = "<group>"; };
/* End PBXFileReference section */

/* Begin PBXFrameworksBuildPhase section */
		4F30D9DD2154953E00DD2A96 /* Frameworks */ = {
			isa = PBXFrameworksBuildPhase;
			buildActionMask = 2147483647;
			files = (
				DAA990B1AA9BE35A4EE61827 /* Pods_RetweetedIllustViewer.framework in Frameworks */,
			);
			runOnlyForDeploymentPostprocessing = 0;
		};
/* End PBXFrameworksBuildPhase section */

/* Begin PBXGroup section */
		4F30D9D72154953E00DD2A96 = {
			isa = PBXGroup;
			children = (
				4F30D9E22154953E00DD2A96 /* RetweetedIllustViewer */,
				4F30D9E12154953E00DD2A96 /* Products */,
				8DBCC38131A0996A0600B343 /* Pods */,
				7E4FCF93166EDB45A32817E6 /* Frameworks */,
			);
			sourceTree = "<group>";
		};
		4F30D9E12154953E00DD2A96 /* Products */ = {
			isa = PBXGroup;
			children = (
				4F30D9E02154953E00DD2A96 /* RetweetedIllustViewer.app */,
			);
			name = Products;
			sourceTree = "<group>";
		};
		4F30D9E22154953E00DD2A96 /* RetweetedIllustViewer */ = {
			isa = PBXGroup;
			children = (
				4F30D9E32154953E00DD2A96 /* AppDelegate.swift */,
				4F30D9E72154953E00DD2A96 /* Main.storyboard */,
				4F30B534215C81F200BD1AB4 /* StringExtension.swift */,
				4F30B5302159D24D00BD1AB4 /* IllustDetailViewController.swift */,
				4FBEC3D72158CC0E0057BF91 /* IllustCollectionViewCell.swift */,
				4FBEC3D52158CAAF0057BF91 /* IllustCollectionViewController.swift */,
				4FBEC3D92158D6B40057BF91 /* IllustCollectionViewModel.swift */,
				4F30D9FB2154D6BC00DD2A96 /* UserTableViewCell.swift */,
				4F30D9F52154C40200DD2A96 /* UsersData.swift */,
				4F30D9F72154D22500DD2A96 /* IllustData.swift */,
				4F30D9F92154D63500DD2A96 /* SearchUserTableViewController.swift */,
				4F30D9FD2154DD3B00DD2A96 /* SearchUserTableViewModel.swift */,
				4F30D9FF2154E32600DD2A96 /* UrlExtension.swift */,
				4F30D9EA2154953F00DD2A96 /* Assets.xcassets */,
				4F30D9EC2154953F00DD2A96 /* LaunchScreen.storyboard */,
				4F30D9EF2154953F00DD2A96 /* Info.plist */,
			);
			path = RetweetedIllustViewer;
			sourceTree = "<group>";
		};
		7E4FCF93166EDB45A32817E6 /* Frameworks */ = {
			isa = PBXGroup;
			children = (
				34A53E78F4D7098561E56195 /* Pods_RetweetedIllustViewer.framework */,
			);
			name = Frameworks;
			sourceTree = "<group>";
		};
		8DBCC38131A0996A0600B343 /* Pods */ = {
			isa = PBXGroup;
			children = (
				A60FFB0A46684F234A5246BF /* Pods-RetweetedIllustViewer.debug.xcconfig */,
				E60E2E30AF8C749C234760E3 /* Pods-RetweetedIllustViewer.release.xcconfig */,
			);
			name = Pods;
			path = Pods;
			sourceTree = "<group>";
		};
/* End PBXGroup section */

/* Begin PBXNativeTarget section */
		4F30D9DF2154953E00DD2A96 /* RetweetedIllustViewer */ = {
			isa = PBXNativeTarget;
			buildConfigurationList = 4F30D9F22154953F00DD2A96 /* Build configuration list for PBXNativeTarget "RetweetedIllustViewer" */;
			buildPhases = (
				FB879CB4D274BE101134E514 /* [CP] Check Pods Manifest.lock */,
				4F30D9DC2154953E00DD2A96 /* Sources */,
				4F30D9DD2154953E00DD2A96 /* Frameworks */,
				4F30D9DE2154953E00DD2A96 /* Resources */,
				5F104013793E9936E8662922 /* [CP] Embed Pods Frameworks */,
			);
			buildRules = (
			);
			dependencies = (
			);
			name = RetweetedIllustViewer;
			productName = RetweetedIllustViewer;
			productReference = 4F30D9E02154953E00DD2A96 /* RetweetedIllustViewer.app */;
			productType = "com.apple.product-type.application";
		};
/* End PBXNativeTarget section */

/* Begin PBXProject section */
		4F30D9D82154953E00DD2A96 /* Project object */ = {
			isa = PBXProject;
			attributes = {
				LastSwiftUpdateCheck = 1000;
				LastUpgradeCheck = 1000;
				ORGANIZATIONNAME = "Shunsuke Hirayama";
				TargetAttributes = {
					4F30D9DF2154953E00DD2A96 = {
						CreatedOnToolsVersion = 10.0;
						LastSwiftMigration = 1030;
					};
				};
			};
			buildConfigurationList = 4F30D9DB2154953E00DD2A96 /* Build configuration list for PBXProject "RetweetedIllustViewer" */;
			compatibilityVersion = "Xcode 9.3";
			developmentRegion = en;
			hasScannedForEncodings = 0;
			knownRegions = (
				en,
				Base,
				ja,
			);
			mainGroup = 4F30D9D72154953E00DD2A96;
			productRefGroup = 4F30D9E12154953E00DD2A96 /* Products */;
			projectDirPath = "";
			projectRoot = "";
			targets = (
				4F30D9DF2154953E00DD2A96 /* RetweetedIllustViewer */,
			);
		};
/* End PBXProject section */

/* Begin PBXResourcesBuildPhase section */
		4F30D9DE2154953E00DD2A96 /* Resources */ = {
			isa = PBXResourcesBuildPhase;
			buildActionMask = 2147483647;
			files = (
				4F30D9EE2154953F00DD2A96 /* LaunchScreen.storyboard in Resources */,
				4F30D9EB2154953F00DD2A96 /* Assets.xcassets in Resources */,
				4F30D9E92154953E00DD2A96 /* Main.storyboard in Resources */,
			);
			runOnlyForDeploymentPostprocessing = 0;
		};
/* End PBXResourcesBuildPhase section */

/* Begin PBXShellScriptBuildPhase section */
		5F104013793E9936E8662922 /* [CP] Embed Pods Frameworks */ = {
			isa = PBXShellScriptBuildPhase;
			buildActionMask = 2147483647;
			files = (
			);
			inputFileListPaths = (
				"${PODS_ROOT}/Target Support Files/Pods-RetweetedIllustViewer/Pods-RetweetedIllustViewer-frameworks-${CONFIGURATION}-input-files.xcfilelist",
			);
			name = "[CP] Embed Pods Frameworks";
			outputFileListPaths = (
				"${PODS_ROOT}/Target Support Files/Pods-RetweetedIllustViewer/Pods-RetweetedIllustViewer-frameworks-${CONFIGURATION}-output-files.xcfilelist",
			);
			runOnlyForDeploymentPostprocessing = 0;
			shellPath = /bin/sh;
			shellScript = "\"${PODS_ROOT}/Target Support Files/Pods-RetweetedIllustViewer/Pods-RetweetedIllustViewer-frameworks.sh\"\n";
			showEnvVarsInLog = 0;
		};
		FB879CB4D274BE101134E514 /* [CP] Check Pods Manifest.lock */ = {
			isa = PBXShellScriptBuildPhase;
			buildActionMask = 2147483647;
			files = (
			);
			inputFileListPaths = (
			);
			inputPaths = (
				"${PODS_PODFILE_DIR_PATH}/Podfile.lock",
				"${PODS_ROOT}/Manifest.lock",
			);
			name = "[CP] Check Pods Manifest.lock";
			outputFileListPaths = (
			);
			outputPaths = (
				"$(DERIVED_FILE_DIR)/Pods-RetweetedIllustViewer-checkManifestLockResult.txt",
			);
			runOnlyForDeploymentPostprocessing = 0;
			shellPath = /bin/sh;
			shellScript = "diff \"${PODS_PODFILE_DIR_PATH}/Podfile.lock\" \"${PODS_ROOT}/Manifest.lock\" > /dev/null\nif [ $? != 0 ] ; then\n    # print error to STDERR\n    echo \"error: The sandbox is not in sync with the Podfile.lock. Run 'pod install' or update your CocoaPods installation.\" >&2\n    exit 1\nfi\n# This output is used by Xcode 'outputs' to avoid re-running this script phase.\necho \"SUCCESS\" > \"${SCRIPT_OUTPUT_FILE_0}\"\n";
			showEnvVarsInLog = 0;
		};
/* End PBXShellScriptBuildPhase section */

/* Begin PBXSourcesBuildPhase section */
		4F30D9DC2154953E00DD2A96 /* Sources */ = {
			isa = PBXSourcesBuildPhase;
			buildActionMask = 2147483647;
			files = (
				4FBEC3D82158CC0E0057BF91 /* IllustCollectionViewCell.swift in Sources */,
				4F30D9F62154C40200DD2A96 /* UsersData.swift in Sources */,
				4F30D9F82154D22500DD2A96 /* IllustData.swift in Sources */,
				4F30B5312159D24D00BD1AB4 /* IllustDetailViewController.swift in Sources */,
				4FBEC3D62158CAAF0057BF91 /* IllustCollectionViewController.swift in Sources */,
				4F30D9E42154953E00DD2A96 /* AppDelegate.swift in Sources */,
				4F30D9FE2154DD3B00DD2A96 /* SearchUserTableViewModel.swift in Sources */,
				4F30DA002154E32600DD2A96 /* UrlExtension.swift in Sources */,
				4FBEC3DA2158D6B40057BF91 /* IllustCollectionViewModel.swift in Sources */,
				4F30D9FC2154D6BC00DD2A96 /* UserTableViewCell.swift in Sources */,
				4F30B535215C81F200BD1AB4 /* StringExtension.swift in Sources */,
				4F30D9FA2154D63500DD2A96 /* SearchUserTableViewController.swift in Sources */,
			);
			runOnlyForDeploymentPostprocessing = 0;
		};
/* End PBXSourcesBuildPhase section */

/* Begin PBXVariantGroup section */
		4F30D9E72154953E00DD2A96 /* Main.storyboard */ = {
			isa = PBXVariantGroup;
			children = (
				4F30D9E82154953E00DD2A96 /* Base */,
				4F30DA032157208300DD2A96 /* ja */,
			);
			name = Main.storyboard;
			sourceTree = "<group>";
		};
		4F30D9EC2154953F00DD2A96 /* LaunchScreen.storyboard */ = {
			isa = PBXVariantGroup;
			children = (
				4F30D9ED2154953F00DD2A96 /* Base */,
				4F30DA042157208300DD2A96 /* ja */,
			);
			name = LaunchScreen.storyboard;
			sourceTree = "<group>";
		};
/* End PBXVariantGroup section */

/* Begin XCBuildConfiguration section */
		4F30D9F02154953F00DD2A96 /* Debug */ = {
			isa = XCBuildConfiguration;
			buildSettings = {
				ALWAYS_SEARCH_USER_PATHS = NO;
				CLANG_ANALYZER_LOCALIZABILITY_NONLOCALIZED = YES;
				CLANG_ANALYZER_NONNULL = YES;
				CLANG_ANALYZER_NUMBER_OBJECT_CONVERSION = YES_AGGRESSIVE;
				CLANG_CXX_LANGUAGE_STANDARD = "gnu++14";
				CLANG_CXX_LIBRARY = "libc++";
				CLANG_ENABLE_MODULES = YES;
				CLANG_ENABLE_OBJC_ARC = YES;
				CLANG_ENABLE_OBJC_WEAK = YES;
				CLANG_WARN_BLOCK_CAPTURE_AUTORELEASING = YES;
				CLANG_WARN_BOOL_CONVERSION = YES;
				CLANG_WARN_COMMA = YES;
				CLANG_WARN_CONSTANT_CONVERSION = YES;
				CLANG_WARN_DEPRECATED_OBJC_IMPLEMENTATIONS = YES;
				CLANG_WARN_DIRECT_OBJC_ISA_USAGE = YES_ERROR;
				CLANG_WARN_DOCUMENTATION_COMMENTS = YES;
				CLANG_WARN_EMPTY_BODY = YES;
				CLANG_WARN_ENUM_CONVERSION = YES;
				CLANG_WARN_INFINITE_RECURSION = YES;
				CLANG_WARN_INT_CONVERSION = YES;
				CLANG_WARN_NON_LITERAL_NULL_CONVERSION = YES;
				CLANG_WARN_OBJC_IMPLICIT_RETAIN_SELF = YES;
				CLANG_WARN_OBJC_LITERAL_CONVERSION = YES;
				CLANG_WARN_OBJC_ROOT_CLASS = YES_ERROR;
				CLANG_WARN_RANGE_LOOP_ANALYSIS = YES;
				CLANG_WARN_STRICT_PROTOTYPES = YES;
				CLANG_WARN_SUSPICIOUS_MOVE = YES;
				CLANG_WARN_UNGUARDED_AVAILABILITY = YES_AGGRESSIVE;
				CLANG_WARN_UNREACHABLE_CODE = YES;
				CLANG_WARN__DUPLICATE_METHOD_MATCH = YES;
				CODE_SIGN_IDENTITY = "iPhone Developer";
				COPY_PHASE_STRIP = NO;
				DEBUG_INFORMATION_FORMAT = dwarf;
				ENABLE_STRICT_OBJC_MSGSEND = YES;
				ENABLE_TESTABILITY = YES;
				GCC_C_LANGUAGE_STANDARD = gnu11;
				GCC_DYNAMIC_NO_PIC = NO;
				GCC_NO_COMMON_BLOCKS = YES;
				GCC_OPTIMIZATION_LEVEL = 0;
				GCC_PREPROCESSOR_DEFINITIONS = (
					"DEBUG=1",
					"$(inherited)",
				);
				GCC_WARN_64_TO_32_BIT_CONVERSION = YES;
				GCC_WARN_ABOUT_RETURN_TYPE = YES_ERROR;
				GCC_WARN_UNDECLARED_SELECTOR = YES;
				GCC_WARN_UNINITIALIZED_AUTOS = YES_AGGRESSIVE;
				GCC_WARN_UNUSED_FUNCTION = YES;
				GCC_WARN_UNUSED_VARIABLE = YES;
				IPHONEOS_DEPLOYMENT_TARGET = 12.0;
				MTL_ENABLE_DEBUG_INFO = INCLUDE_SOURCE;
				MTL_FAST_MATH = YES;
				ONLY_ACTIVE_ARCH = YES;
				SDKROOT = iphoneos;
				SWIFT_ACTIVE_COMPILATION_CONDITIONS = DEBUG;
				SWIFT_OPTIMIZATION_LEVEL = "-Onone";
			};
			name = Debug;
		};
		4F30D9F12154953F00DD2A96 /* Release */ = {
			isa = XCBuildConfiguration;
			buildSettings = {
				ALWAYS_SEARCH_USER_PATHS = NO;
				CLANG_ANALYZER_LOCALIZABILITY_NONLOCALIZED = YES;
				CLANG_ANALYZER_NONNULL = YES;
				CLANG_ANALYZER_NUMBER_OBJECT_CONVERSION = YES_AGGRESSIVE;
				CLANG_CXX_LANGUAGE_STANDARD = "gnu++14";
				CLANG_CXX_LIBRARY = "libc++";
				CLANG_ENABLE_MODULES = YES;
				CLANG_ENABLE_OBJC_ARC = YES;
				CLANG_ENABLE_OBJC_WEAK = YES;
				CLANG_WARN_BLOCK_CAPTURE_AUTORELEASING = YES;
				CLANG_WARN_BOOL_CONVERSION = YES;
				CLANG_WARN_COMMA = YES;
				CLANG_WARN_CONSTANT_CONVERSION = YES;
				CLANG_WARN_DEPRECATED_OBJC_IMPLEMENTATIONS = YES;
				CLANG_WARN_DIRECT_OBJC_ISA_USAGE = YES_ERROR;
				CLANG_WARN_DOCUMENTATION_COMMENTS = YES;
				CLANG_WARN_EMPTY_BODY = YES;
				CLANG_WARN_ENUM_CONVERSION = YES;
				CLANG_WARN_INFINITE_RECURSION = YES;
				CLANG_WARN_INT_CONVERSION = YES;
				CLANG_WARN_NON_LITERAL_NULL_CONVERSION = YES;
				CLANG_WARN_OBJC_IMPLICIT_RETAIN_SELF = YES;
				CLANG_WARN_OBJC_LITERAL_CONVERSION = YES;
				CLANG_WARN_OBJC_ROOT_CLASS = YES_ERROR;
				CLANG_WARN_RANGE_LOOP_ANALYSIS = YES;
				CLANG_WARN_STRICT_PROTOTYPES = YES;
				CLANG_WARN_SUSPICIOUS_MOVE = YES;
				CLANG_WARN_UNGUARDED_AVAILABILITY = YES_AGGRESSIVE;
				CLANG_WARN_UNREACHABLE_CODE = YES;
				CLANG_WARN__DUPLICATE_METHOD_MATCH = YES;
				CODE_SIGN_IDENTITY = "iPhone Developer";
				COPY_PHASE_STRIP = NO;
				DEBUG_INFORMATION_FORMAT = "dwarf-with-dsym";
				ENABLE_NS_ASSERTIONS = NO;
				ENABLE_STRICT_OBJC_MSGSEND = YES;
				GCC_C_LANGUAGE_STANDARD = gnu11;
				GCC_NO_COMMON_BLOCKS = YES;
				GCC_WARN_64_TO_32_BIT_CONVERSION = YES;
				GCC_WARN_ABOUT_RETURN_TYPE = YES_ERROR;
				GCC_WARN_UNDECLARED_SELECTOR = YES;
				GCC_WARN_UNINITIALIZED_AUTOS = YES_AGGRESSIVE;
				GCC_WARN_UNUSED_FUNCTION = YES;
				GCC_WARN_UNUSED_VARIABLE = YES;
				IPHONEOS_DEPLOYMENT_TARGET = 12.0;
				MTL_ENABLE_DEBUG_INFO = NO;
				MTL_FAST_MATH = YES;
				SDKROOT = iphoneos;
				SWIFT_COMPILATION_MODE = wholemodule;
				SWIFT_OPTIMIZATION_LEVEL = "-O";
				VALIDATE_PRODUCT = YES;
			};
			name = Release;
		};
		4F30D9F32154953F00DD2A96 /* Debug */ = {
			isa = XCBuildConfiguration;
			baseConfigurationReference = A60FFB0A46684F234A5246BF /* Pods-RetweetedIllustViewer.debug.xcconfig */;
			buildSettings = {
				ASSETCATALOG_COMPILER_APPICON_NAME = AppIcon;
				CODE_SIGN_STYLE = Automatic;
				DEVELOPMENT_TEAM = QZ45AEUTAR;
				INFOPLIST_FILE = RetweetedIllustViewer/Info.plist;
				LD_RUNPATH_SEARCH_PATHS = (
					"$(inherited)",
					"@executable_path/Frameworks",
				);
				PRODUCT_BUNDLE_IDENTIFIER = jp.akasanihs.RetweetedIllustViewer;
				PRODUCT_NAME = "$(TARGET_NAME)";
				SWIFT_VERSION = 5.0;
				TARGETED_DEVICE_FAMILY = "1,2";
			};
			name = Debug;
		};
		4F30D9F42154953F00DD2A96 /* Release */ = {
			isa = XCBuildConfiguration;
			baseConfigurationReference = E60E2E30AF8C749C234760E3 /* Pods-RetweetedIllustViewer.release.xcconfig */;
			buildSettings = {
				ASSETCATALOG_COMPILER_APPICON_NAME = AppIcon;
				CODE_SIGN_STYLE = Automatic;
				DEVELOPMENT_TEAM = QZ45AEUTAR;
				INFOPLIST_FILE = RetweetedIllustViewer/Info.plist;
				LD_RUNPATH_SEARCH_PATHS = (
					"$(inherited)",
					"@executable_path/Frameworks",
				);
				PRODUCT_BUNDLE_IDENTIFIER = jp.akasanihs.RetweetedIllustViewer;
				PRODUCT_NAME = "$(TARGET_NAME)";
				SWIFT_VERSION = 5.0;
				TARGETED_DEVICE_FAMILY = "1,2";
			};
			name = Release;
		};
/* End XCBuildConfiguration section */

/* Begin XCConfigurationList section */
		4F30D9DB2154953E00DD2A96 /* Build configuration list for PBXProject "RetweetedIllustViewer" */ = {
			isa = XCConfigurationList;
			buildConfigurations = (
				4F30D9F02154953F00DD2A96 /* Debug */,
				4F30D9F12154953F00DD2A96 /* Release */,
			);
			defaultConfigurationIsVisible = 0;
			defaultConfigurationName = Release;
		};
		4F30D9F22154953F00DD2A96 /* Build configuration list for PBXNativeTarget "RetweetedIllustViewer" */ = {
			isa = XCConfigurationList;
			buildConfigurations = (
				4F30D9F32154953F00DD2A96 /* Debug */,
				4F30D9F42154953F00DD2A96 /* Release */,
			);
			defaultConfigurationIsVisible = 0;
			defaultConfigurationName = Release;
		};
/* End XCConfigurationList section */
	};
	rootObject = 4F30D9D82154953E00DD2A96 /* Project object */;
}
